Microsoft Visual Studio Solution File, Format Version 12.00
# Visual Studio Version 17
VisualStudioVersion = 17.0.31903.59
MinimumVisualStudioVersion = 10.0.40219.1
Project("{F60A5E00-702F-438F-BD8E-BA048F566928}") = "EnhancedCartel", "EnhancedCartel.csproj", "{072A0AA1-985F-47D5-8418-5F62A82481B6}"
EndProject
Global
	GlobalSection(SolutionConfigurationPlatforms) = preSolution
		Debug IL2CPP|Any CPU = Debug IL2CPP|Any CPU
		Debug Mono|Any CPU = Debug Mono|Any CPU
		Release IL2CPP|Any CPU = Release IL2CPP|Any CPU
		Release Mono|Any CPU = Release Mono|Any CPU
	EndGlobalSection
	GlobalSection(ProjectConfigurationPlatforms) = postSolution
		{072A0AA1-985F-47D5-8418-5F62A82481B6}.Debug IL2CPP|Any CPU.ActiveCfg = Debug IL2CPP|Any CPU
		{072A0AA1-985F-47D5-8418-5F62A82481B6}.Debug IL2CPP|Any CPU.Build.0 = Debug IL2CPP|Any CPU
		{072A0AA1-985F-47D5-8418-5F62A82481B6}.Debug Mono|Any CPU.ActiveCfg = Debug Mono|Any CPU
		{072A0AA1-985F-47D5-8418-5F62A82481B6}.Debug Mono|Any CPU.Build.0 = Debug Mono|Any CPU
		{072A0AA1-985F-47D5-8418-5F62A82481B6}.Release IL2CPP|Any CPU.ActiveCfg = Release IL2CPP|Any CPU
		{072A0AA1-985F-47D5-8418-5F62A82481B6}.Release IL2CPP|Any CPU.Build.0 = Release IL2CPP|Any CPU
		{072A0AA1-985F-47D5-8418-5F62A82481B6}.Release Mono|Any CPU.ActiveCfg = Release Mono|Any CPU
		{072A0AA1-985F-47D5-8418-5F62A82481B6}.Release Mono|Any CPU.Build.0 = Release Mono|Any CPU
	EndGlobalSection
	GlobalSection(SolutionProperties) = preSolution
		HideSolutionNode = FALSE
	EndGlobalSection
	GlobalSection(ExtensibilityGlobals) = postSolution
		SolutionGuid = {781B0F3B-A993-470A-B19A-4E16307F7D0B}
	EndGlobalSection
EndGlobal